
Microsoft Visual Studio Solution File, Format Version 12.00
# Visual Studio Version 17
VisualStudioVersion = 17.0.32112.339
MinimumVisualStudioVersion = 10.0.40219.1
Project("{F184B08F-C81C-45F6-A57F-5ABD9991F28F}") = "201602538_CHUMPAS", "201602538_CHUMPAS.vbproj", "{46898E1A-69FE-4815-A27D-75DB56C20F20}"
EndProject
Global
	GlobalSection(SolutionConfigurationPlatforms) = preSolution
		Debug|Any CPU = Debug|Any CPU
		Release|Any CPU = Release|Any CPU
	EndGlobalSection
	GlobalSection(ProjectConfigurationPlatforms) = postSolution
		{46898E1A-69FE-4815-A27D-75DB56C20F20}.Debug|Any CPU.ActiveCfg = Debug|Any CPU
		{46898E1A-69FE-4815-A27D-75DB56C20F20}.Debug|Any CPU.Build.0 = Debug|Any CPU
		{46898E1A-69FE-4815-A27D-75DB56C20F20}.Release|Any CPU.ActiveCfg = Release|Any CPU
		{46898E1A-69FE-4815-A27D-75DB56C20F20}.Release|Any CPU.Build.0 = Release|Any CPU
	EndGlobalSection
	GlobalSection(SolutionProperties) = preSolution
		HideSolutionNode = FALSE
	EndGlobalSection
	GlobalSection(ExtensibilityGlobals) = postSolution
		SolutionGuid = {6E0386EE-303E-485C-ABF7-9E6FC723A29B}
	EndGlobalSection
EndGlobal
